
Microsoft Visual Studio Solution File, Format Version 12.00
# Visual Studio 15
VisualStudioVersion = 15.0.27703.2042
MinimumVisualStudioVersion = 10.0.40219.1
Project("{FAE04EC0-301F-11D3-BF4B-00C04F79EFBC}") = "CG 3-3 Definitions", "CG 3-3 Definitions\CG 3-3 Definitions.csproj", "{824093FE-97DD-4331-93A0-DA8BA48A8323}"
EndProject
Global
	GlobalSection(SolutionConfigurationPlatforms) = preSolution
		Debug|Any CPU = Debug|Any CPU
		Release|Any CPU = Release|Any CPU
	EndGlobalSection
	GlobalSection(ProjectConfigurationPlatforms) = postSolution
		{824093FE-97DD-4331-93A0-DA8BA48A8323}.Debug|Any CPU.ActiveCfg = Debug|Any CPU
		{824093FE-97DD-4331-93A0-DA8BA48A8323}.Debug|Any CPU.Build.0 = Debug|Any CPU
		{824093FE-97DD-4331-93A0-DA8BA48A8323}.Release|Any CPU.ActiveCfg = Release|Any CPU
		{824093FE-97DD-4331-93A0-DA8BA48A8323}.Release|Any CPU.Build.0 = Release|Any CPU
	EndGlobalSection
	GlobalSection(SolutionProperties) = preSolution
		HideSolutionNode = FALSE
	EndGlobalSection
	GlobalSection(ExtensibilityGlobals) = postSolution
		SolutionGuid = {CE72DD7C-26B3-47B6-AAC7-899E414BC726}
	EndGlobalSection
EndGlobal
